github.com/masacento/go-sentencepiece v0.0.0-20251214132729-c273314784e7 h1:gRRHye+CwzHEl1mveboA9WyIEkSyZbGkGt0VjYFx1zU=
github.com/masacento/go-sentencepiece v0.0.0-20251214132729-c273314784e7/go.mod h1:HLKsX83j64hVl3Ay+SMPf3F4hjGoJXHxw/v73VpfzpY=
github.com/yalue/onnxruntime_go v1.11.0 h1:aKH4yPIbqfcB3SfnQWq/WxzLelkyolntHnffL3eMBHY=
github.com/yalue/onnxruntime_go v1.11.0/go.mod h1:b4X26A8pekNb1ACJ58wAXgNKeUCGEAQ9dmACut9Sm/4=
github.com/yalue/onnxruntime_go v1.27.0 h1:c1YSgDNtpf0WGtxj3YeRIb8VC5LmM1J+Ve3uHdteC1U=
github.com/yalue/onnxruntime_go v1.27.0/go.mod h1:b4X26A8pekNb1ACJ58wAXgNKeUCGEAQ9dmACut9Sm/4=
golang.org/x/image v0.40.0 h1:Tw4GyDXMo+daZN1znreBRC3VayR1aLFUyUEOLUdW1a8=
golang.org/x/image v0.40.0/go.mod h1:uIc348UZMSvS5Z65CVZ7iDPaNobNFEPeJ4kbqTOszmA=
gonum.org/v1/gonum v0.17.0 h1:VbpOemQlsSMrYmn7T2OUvQ4dqxQXU+ouZFQsZOx50z4=
gonum.org/v1/gonum v0.17.0/go.mod h1:El3tOrEuMpv2UdMrbNlKEh9vd86bmQ6vqIcDwxEOc1E=
google.golang.org/protobuf v1.34.2 h1:6xV6lTsCfpGD21XK49h7MhtcApnLqkfYgPcdHftf6hg=
google.golang.org/protobuf v1.34.2/go.mod h1:qYOHts0dSfpeUzUFpOMr/WGzszTmLH+DiWniOlNbLDw=
